{
  "version": 2,
  "dependencies": {
    "net10.0": {
      "Google.Cloud.Spanner.Data": {
        "type": "Direct",
        "requested": "[4.6.0, )",
        "resolved": "4.6.0",
        "contentHash": "6+Ua8hKjjKs+4sUFut9Wc96pl9S7Yd4Q1e5vaByK7M0fDAqUqJh2tj29tlmG7FMA8ygjXuTElpq72wCMVy26Nw==",
        "dependencies": {
          "Google.Api.Gax.Grpc": "[4.4.0, 5.0.0)",
          "Google.Cloud.Spanner.Admin.Database.V1": "4.6.0",
          "Google.Cloud.Spanner.Admin.Instance.V1": "4.6.0",
          "Google.Cloud.Spanner.V1": "4.6.0",
          "Microsoft.Extensions.Configuration.Abstractions": "6.0.0"
        }
      },
      "Microsoft.CodeAnalysis.BannedApiAnalyzers": {
        "type": "Direct",
        "requested": "[3.3.4, )",
        "resolved": "3.3.4",
        "contentHash": "0k2Jwpc8eq0hjOtX6TxRkHm9clkJ2PAQ3heEHgqIJZcsfdFosC/iyz18nsgTVDDWpID80rC7aiYK7ripx+Qndg=="
      },
      "Microsoft.CodeAnalysis.PublicApiAnalyzers": {
        "type": "Direct",
        "requested": "[3.3.4, )",
        "resolved": "3.3.4",
        "contentHash": "kNLTfXtXUWDHVt5iaPkkiPuyHYlMgLI6SOFT4w88bfeI2vqSeGgHunFkdvlaCM8RDfcY0t2+jnesQtidRJJ/DA=="
      },
      "Microsoft.Extensions.Diagnostics.HealthChecks": {
        "type": "Direct",
        "requested": "[10.0.10, )",
        "resolved": "10.0.10",
        "contentHash": "R0O5oG+zAJeBSM8nNTa+Ycj2Zobyr/v6Ilo7Dha0sNB2Vq/XXoLdoecj9DAWGbN8YrPaW6u8+osTQ5Ypj7ZF0w==",
        "dependencies": {
          "Microsoft.Extensions.Diagnostics.HealthChecks.Abstractions": "10.0.10",
          "Microsoft.Extensions.Hosting.Abstractions": "10.0.10",
          "Microsoft.Extensions.Logging.Abstractions": "10.0.10",
          "Microsoft.Extensions.Options": "10.0.10"
        }
      },
      "Microsoft.Extensions.Hosting.Abstractions": {
        "type": "Direct",
        "requested": "[10.0.10, )",
        "resolved": "10.0.10",
        "contentHash": "5LugpYGHk+mkn0a8IZgcyfBca8PCTAU9RQFoMrTdtOOidq88M2SI5f3px6ugnzgxC+eTkvYYJi8pzlUnG5xdAQ==",
        "dependencies": {
          "Microsoft.Extensions.Configuration.Abstractions": "10.0.10",
          "Microsoft.Extensions.DependencyInjection.Abstractions": "10.0.10",
          "Microsoft.Extensions.Diagnostics.Abstractions": "10.0.10",
          "Microsoft.Extensions.FileProviders.Abstractions": "10.0.10",
          "Microsoft.Extensions.Logging.Abstractions": "10.0.10"
        }
      },
      "Microsoft.Extensions.Logging.Abstractions": {
        "type": "Direct",
        "requested": "[10.0.10, )",
        "resolved": "10.0.10",
        "contentHash": "zkFxGYUvdxAvIKTyXHrmW+Sux53D4SezD9dMyZ6hrwwzPQJNuwCRy1f5W7AvYTqacEGhWF2XderRQG1OvbV8og==",
        "dependencies": {
          "Microsoft.Extensions.DependencyInjection.Abstractions": "10.0.10"
        }
      },
      "Microsoft.Extensions.Options.ConfigurationExtensions": {
        "type": "Direct",
        "requested": "[10.0.10, )",
        "resolved": "10.0.10",
        "contentHash": "tnBmu/LwF25ZQK+HBNCu2xrwnkKoB/XEbJyooGGoYxHrhvxbSKi7eOFiJ4AXBy/QU4vtCvCJfoi8k9Ej72qzOQ==",
        "dependencies": {
          "Microsoft.Extensions.Configuration.Abstractions": "10.0.10",
          "Microsoft.Extensions.Configuration.Binder": "10.0.10",
          "Microsoft.Extensions.DependencyInjection.Abstractions": "10.0.10",
          "Microsoft.Extensions.Options": "10.0.10",
          "Microsoft.Extensions.Primitives": "10.0.10"
        }
      },
      "Microsoft.Extensions.Options.DataAnnotations": {
        "type": "Direct",
        "requested": "[10.0.10, )",
        "resolved": "10.0.10",
        "contentHash": "I9YZfS0FpPIIhU6WJgMnmKAVd4R9yFR5ck4Q3GnTpErFJxxesyiK2tFia5V8Ja9K3+XvnzIipjqE7KEZ1LIvOQ==",
        "dependencies": {
          "Microsoft.Extensions.DependencyInjection.Abstractions": "10.0.10",
          "Microsoft.Extensions.Options": "10.0.10"
        }
      },
      "Microsoft.NET.ILLink.Tasks": {
        "type": "Direct",
        "requested": "[10.0.10, )",
        "resolved": "10.0.10",
        "contentHash": "f5VCIE7AJpd5YvzNTeMGVzQIgyE9tX+AreTYwQF+REbu+DZo/2Ae+jNSwhPEYrVz6RRkd7y8ubXjk6Nn6Ka+Cg=="
      },
      "MinVer": {
        "type": "Direct",
        "requested": "[6.0.0, )",
        "resolved": "6.0.0",
        "contentHash": "+/SsmiySsXJlvQLCGBqaZKNVt3s/Y/HbAdwtop7Km2CnuZbaScoqkWJEBQ5Cy9ebkn6kCYKrHsXgwrFdTgcb3g=="
      },
      "Google.Api.CommonProtos": {
        "type": "Transitive",
        "resolved": "2.17.0",
        "contentHash": "elfQPknFr495hm7vdy6ZlgyQh6yzZq9TU7sS35L/Fj/fqjM/mUGau9gVJLhvQEtUlPjtR80hpn/m9HvBMyCXIw==",
        "dependencies": {
          "Google.Protobuf": "[3.31.1, 4.0.0]"
        }
      },
      "Google.Api.Gax": {
        "type": "Transitive",
        "resolved": "4.13.1",
        "contentHash": "ujDpZk7O2VqAEIqcSlhH0FKzVpGZWly/qcNjHxpNUrL445Tei9PHnu4V1pwW2WDiMDvo3TpL1Bi4DeU525Afrg==",
        "dependencies": {
          "Microsoft.Bcl.AsyncInterfaces": "6.0.0",
          "Newtonsoft.Json": "13.0.4"
        }
      },
      "Google.Apis": {
        "type": "Transitive",
        "resolved": "1.73.0",
        "contentHash": "TnCjEyV2aCLQ6Zl40OCbEJULDuEkEWc6C/g81KYw5l1PqGo+G7pFZrV+YH8XgUL0JRUanz+IrUp8SsKF4dzkqg==",
        "dependencies": {
          "Google.Apis.Core": "1.73.0"
        }
      },
      "Google.Apis.Core": {
        "type": "Transitive",
        "resolved": "1.73.0",
        "contentHash": "vSc7CY4KCP7HE4QTElDx/ExnGLbg9kXb89MS6cdvI+0D4sxvTYb16vGtXmF2jSDMV3iDmykSXdIUPTz8TDS6gg==",
        "dependencies": {
          "Newtonsoft.Json": "13.0.4"
        }
      },
      "Google.Cloud.Iam.V1": {
        "type": "Transitive",
        "resolved": "3.0.0",
        "contentHash": "uZI2PbIj6njiW7dAdlbyGtAFO3oRPXa1o90w9p+aWcuOGTZPJkEShGATcGVXIXtdnQ+pXLfnXhreiRgkgkyx4Q==",
        "dependencies": {
          "Google.Api.Gax.Grpc": "[4.0.0, 5.0.0)"
        }
      },
      "Google.Cloud.Spanner.Admin.Database.V1": {
        "type": "Transitive",
        "resolved": "4.6.0",
        "contentHash": "I8VxkD0lp5R+2LQaKzMn+is6qnVPBX1xzSykhX9tTN65I39X3GKvdOuD9Pbi18+E+v5noq1MrELxqYJF2N0xJQ==",
        "dependencies": {
          "Google.Api.Gax.Grpc": "[4.4.0, 5.0.0)",
          "Google.Cloud.Iam.V1": "[3.0.0, 4.0.0)",
          "Google.Cloud.Spanner.Common.V1": "4.6.0",
          "Google.LongRunning": "[3.0.0, 4.0.0)"
        }
      },
      "Google.Cloud.Spanner.Admin.Instance.V1": {
        "type": "Transitive",
        "resolved": "4.6.0",
        "contentHash": "9b4B62/CoHZ+2LBnqlZQcH4St8dG9AsGdzHB0ejUDGtoZBEIPSbBtkOfVJc+JGTRInJrPJaK60HnT/ADn09vsQ==",
        "dependencies": {
          "Google.Api.Gax.Grpc": "[4.4.0, 5.0.0)",
          "Google.Cloud.Iam.V1": "[3.0.0, 4.0.0)",
          "Google.Cloud.Spanner.Common.V1": "4.6.0",
          "Google.LongRunning": "[3.0.0, 4.0.0)"
        }
      },
      "Google.Cloud.Spanner.Common.V1": {
        "type": "Transitive",
        "resolved": "4.6.0",
        "contentHash": "gJNqzeuQP/YnjUe4GmzcJzYhHdTlSrcF5eiFHNQ2GFsh80jCRCEgVnyGxYE8aCXyMhcbY1V+AGw0hLwHDKWFAw==",
        "dependencies": {
          "Google.Api.Gax": "[4.4.0, 5.0.0)"
        }
      },
      "Google.Cloud.Spanner.V1": {
        "type": "Transitive",
        "resolved": "4.6.0",
        "contentHash": "uiCq4K2iGhyY5B7E6sqil8T0O1UgKfx6pGvdQmAdMuLNDA0Xcgj1+plfEFwDwWCzbM40U8Kb1ZEeLd7ZwrfG1A==",
        "dependencies": {
          "Google.Api.Gax.Grpc": "[4.4.0, 5.0.0)",
          "Google.Cloud.Spanner.Common.V1": "4.6.0"
        }
      },
      "Google.LongRunning": {
        "type": "Transitive",
        "resolved": "3.0.0",
        "contentHash": "8+ctm1v0P90BX1fqQqyTaIrc/5zTTou3kyOsiLUJ6b1vfS/VtzF+L5onJoUDRAY0NWARSQBe73tewFm3ijWpYw==",
        "dependencies": {
          "Google.Api.Gax.Grpc": "[4.0.0, 5.0.0)"
        }
      },
      "Grpc.Auth": {
        "type": "Transitive",
        "resolved": "2.71.0",
        "contentHash": "t2aGh/pMgqmc3GimtYfC7VcgVY/VSbk6SLH+61wewsgK45tzxxD9nYYItT5bpLn7fbebirmHXfgJcVKIArd0cg==",
        "dependencies": {
          "Google.Apis.Auth": "1.69.0",
          "Grpc.Core.Api": "2.71.0"
        }
      },
      "Grpc.Core.Api": {
        "type": "Transitive",
        "resolved": "2.76.0",
        "contentHash": "cSxC2tdnFdXXuBgIn1pjc4YBx7LXTCp4M0qn+SMBS35VWZY+cEQYLWTBDDhdBH1HzU7BV+ncVZlniGQHMpRJKQ=="
      },
      "Grpc.Net.Common": {
        "type": "Transitive",
        "resolved": "2.76.0",
        "contentHash": "bZpiMVYgvpB44/wBh1RotrkqC7bg2FOasLri2GhR3hMKyzsiTxCoDE49YjPrJeFc4RW0wS8u+EInI09sjxVFRA==",
        "dependencies": {
          "Grpc.Core.Api": "2.76.0"
        }
      },
      "Microsoft.Bcl.AsyncInterfaces": {
        "type": "Transitive",
        "resolved": "6.0.0",
        "contentHash": "UcSjPsst+DfAdJGVDsu346FX0ci0ah+lw3WRtn18NUwEqRt70HaOQ7lI72vy3+1LxtqI3T5GWwV39rQSrCzAeg=="
      },
      "Microsoft.Extensions.Diagnostics.Abstractions": {
        "type": "Transitive",
        "resolved": "10.0.10",
        "contentHash": "9uWiKpeOVac355STyChWR/pliFX/5CeLqChW9kKsaxyDH4EUTZxMkT4Jwp/J/peLm0GBFmSX5c0WCse3yCnq1Q==",
        "dependencies": {
          "Microsoft.Extensions.DependencyInjection.Abstractions": "10.0.10",
          "Microsoft.Extensions.Options": "10.0.10"
        }
      },
      "Microsoft.Extensions.FileProviders.Abstractions": {
        "type": "Transitive",
        "resolved": "10.0.10",
        "contentHash": "c5zqFCY9DiIpMovLd7/d/CTiEtrMOuQ639dhv3PABtKQIKNQikSHwQt8+N679uii9q+B55lgK28Uv64FOwEu8w==",
        "dependencies": {
          "Microsoft.Extensions.Primitives": "10.0.10"
        }
      },
      "Microsoft.Extensions.Primitives": {
        "type": "Transitive",
        "resolved": "10.0.10",
        "contentHash": "5wu/GrYVd8mG2DVUw3vFJzF+O336TyTGg/Kmcgw9bfwYhCoFiV5lR5QeEmKecJyrW4W54nMfD3p3589E8a7czQ=="
      },
      "Newtonsoft.Json": {
        "type": "Transitive",
        "resolved": "13.0.4",
        "contentHash": "pdgNNMai3zv51W5aq268sujXUyx7SNdE2bj1wZcWjAQrKMFZV260lbqYop1d2GM67JI1huLRwxo9ZqnfF/lC6A=="
      },
      "System.CodeDom": {
        "type": "Transitive",
        "resolved": "7.0.0",
        "contentHash": "GLltyqEsE5/3IE+zYRP5sNa1l44qKl9v+bfdMcwg+M9qnQf47wK3H0SUR/T+3N4JEQXF3vV4CSuuo0rsg+nq2A=="
      },
      "System.Management": {
        "type": "Transitive",
        "resolved": "7.0.2",
        "contentHash": "/qEUN91mP/MUQmJnM5y5BdT7ZoPuVrtxnFlbJ8a3kBJGhe2wCzBfnPFtK2wTtEEcf3DMGR9J00GZZfg6HRI6yA==",
        "dependencies": {
          "System.CodeDom": "7.0.0"
        }
      },
      "excalibur.data.abstractions": {
        "type": "Project",
        "dependencies": {
          "Dapper": "[2.1.72, )",
          "Excalibur.Dispatch.Abstractions": "[1.0.0, )",
          "Excalibur.Domain": "[1.0.0, )",
          "Microsoft.Extensions.DependencyInjection.Abstractions": "[10.0.10, )",
          "Microsoft.Extensions.Diagnostics.HealthChecks": "[10.0.10, )",
          "Microsoft.Extensions.Logging.Abstractions": "[10.0.10, )",
          "Microsoft.Extensions.Options": "[10.0.10, )"
        }
      },
      "excalibur.dispatch.abstractions": {
        "type": "Project",
        "dependencies": {
          "Medo.Uuid7": "[3.2.0, )",
          "Microsoft.Extensions.DependencyInjection.Abstractions": "[10.0.10, )",
          "Microsoft.Extensions.Logging.Abstractions": "[10.0.10, )",
          "Microsoft.Extensions.Options": "[10.0.10, )"
        }
      },
      "excalibur.domain": {
        "type": "Project",
        "dependencies": {
          "Ben.Demystifier": "[0.4.1, )",
          "Excalibur.Dispatch.Abstractions": "[1.0.0, )",
          "Medo.Uuid7": "[3.2.0, )",
          "Microsoft.Extensions.Configuration.Abstractions": "[10.0.10, )",
          "Microsoft.Extensions.DependencyInjection": "[10.0.10, )",
          "Microsoft.Extensions.DependencyInjection.Abstractions": "[10.0.10, )",
          "Microsoft.Extensions.Options.ConfigurationExtensions": "[10.0.10, )"
        }
      },
      "Ben.Demystifier": {
        "type": "CentralTransitive",
        "requested": "[0.4.1, )",
        "resolved": "0.4.1",
        "contentHash": "axFeEMfmEORy3ipAzOXG/lE+KcNptRbei3F0C4kQCdeiQtW+qJW90K5iIovITGrdLt8AjhNCwk5qLSX9/rFpoA=="
      },
      "Dapper": {
        "type": "CentralTransitive",
        "requested": "[2.1.72, )",
        "resolved": "2.1.72",
        "contentHash": "ns4mGqQd9a/MhP8m6w556vVlZIa0/MfUu03zrxjZC/jlr1uVCsUac8bkdB+Fs98Llbd56rRSo1eZH5VVmeGZyw=="
      },
      "Google.Api.Gax.Grpc": {
        "type": "CentralTransitive",
        "requested": "[4.13.1, )",
        "resolved": "4.13.1",
        "contentHash": "QgYF0bd8z6xWSVLGkGAMPB70seJSa9J02lFn8LT0Rb7PjSxZYpX+wU6LbVmghxDi6Wd64taulpX37pFq20J61g==",
        "dependencies": {
          "Google.Api.CommonProtos": "2.17.0",
          "Google.Api.Gax": "4.13.1",
          "Google.Apis.Auth": "1.73.0",
          "Grpc.Auth": "[2.71.0, 3.0.0)",
          "Grpc.Core.Api": "[2.71.0, 3.0.0)",
          "Grpc.Net.Client": "[2.71.0, 3.0.0)",
          "Microsoft.Extensions.DependencyInjection.Abstractions": "6.0.0"
        }
      },
      "Google.Apis.Auth": {
        "type": "CentralTransitive",
        "requested": "[1.73.0, )",
        "resolved": "1.73.0",
        "contentHash": "wEu12uhnRv3zrPBSqv4E2vPH6lYLtc1RPAnU9MJRCMFlBVwZ7Lnq3NfbYXi6VG7EurkYInTaMpeBZkbM/HrAog==",
        "dependencies": {
          "Google.Apis": "1.73.0",
          "Google.Apis.Core": "1.73.0",
          "System.Management": "7.0.2"
        }
      },
      "Google.Protobuf": {
        "type": "CentralTransitive",
        "requested": "[3.34.1, )",
        "resolved": "3.34.1",
        "contentHash": "212vdYxRuVopGE5bess6Jg5oXWyizA6hcLPTI7G+qA4PthQEvfeof3njT+7VSY5v/+O0P22xTydiP5fSJJpGEA=="
      },
      "Grpc.Net.Client": {
        "type": "CentralTransitive",
        "requested": "[2.76.0, )",
        "resolved": "2.76.0",
        "contentHash": "K1oldmqw2+Gn69nGRzZLhqSiUZwelX1GrBu/cUl9wNf1C0uB61vFS6JcxUUv9P8VoUJhFsmV44JA6lI2EUt4xw==",
        "dependencies": {
          "Grpc.Net.Common": "2.76.0",
          "Microsoft.Extensions.Logging.Abstractions": "8.0.0"
        }
      },
      "Medo.Uuid7": {
        "type": "CentralTransitive",
        "requested": "[3.2.0, )",
        "resolved": "3.2.0",
        "contentHash": "18Gp47N8I7Vq319f5qTEdqX1GPOworXeNIjuxLN3Szqz96aMuORklGbnSllhEUmQZf3UWmp+X9pVDCKEf5zoaA=="
      },
      "Microsoft.Extensions.Configuration": {
        "type": "CentralTransitive",
        "requested": "[10.0.10, )",
        "resolved": "10.0.10",
        "contentHash": "plJWK2zpWuuyxI8F8s2scx6Je7N1Ajjs6HvYUGKwRnDMWIVIz9FHwAkiT7ASgrvAOd10T0FPVlh9BzAJJME+jg==",
        "dependencies": {
          "Microsoft.Extensions.Configuration.Abstractions": "10.0.10",
          "Microsoft.Extensions.Primitives": "10.0.10"
        }
      },
      "Microsoft.Extensions.Configuration.Abstractions": {
        "type": "CentralTransitive",
        "requested": "[10.0.10, )",
        "resolved": "10.0.10",
        "contentHash": "5Vnd2I75DmZCVEjSynIdJ/0EGafgnLQwgR3t2C2/fkjx/nRG+cLwxLLdInoHeCEpkD5K4Ov/g9ZCRYrl4TRsaA==",
        "dependencies": {
          "Microsoft.Extensions.Primitives": "10.0.10"
        }
      },
      "Microsoft.Extensions.Configuration.Binder": {
        "type": "CentralTransitive",
        "requested": "[10.0.10, )",
        "resolved": "10.0.10",
        "contentHash": "GqmN2o1CkJvk7uWp+p4CwBYW0w/zfoEbvsiFDbO2G8l1Uz+mrDAbAcZiXhU2lufKPby1cjAUdd5GTWpebYOkOA==",
        "dependencies": {
          "Microsoft.Extensions.Configuration": "10.0.10",
          "Microsoft.Extensions.Configuration.Abstractions": "10.0.10"
        }
      },
      "Microsoft.Extensions.DependencyInjection": {
        "type": "CentralTransitive",
        "requested": "[10.0.10, )",
        "resolved": "10.0.10",
        "contentHash": "ANyvsgkNBRvcJh2XLgn8veGmajf+8m0AbKK+HPWdRL1yraSNVVSmQhFntLtdz/C795jxqqup+k05cs/3jZQPOA==",
        "dependencies": {
          "Microsoft.Extensions.DependencyInjection.Abstractions": "10.0.10"
        }
      },
      "Microsoft.Extensions.DependencyInjection.Abstractions": {
        "type": "CentralTransitive",
        "requested": "[10.0.10, )",
        "resolved": "10.0.10",
        "contentHash": "z/2xXlFw2aLGjHyEm6E0tQ+In6VfzQzTrtArbQ2c0TQE16ZbyDCMGPvaUT9I0s8rgy9sRWlU2P9waW37qV04qA=="
      },
      "Microsoft.Extensions.Diagnostics.HealthChecks.Abstractions": {
        "type": "CentralTransitive",
        "requested": "[10.0.10, )",
        "resolved": "10.0.10",
        "contentHash": "6euxgVR7NS83y0a2wLRAxfYXusLQJ2e1ah0MpQgYTYMs5lYrmdNP79C6T8uvRZdP87n5mcCcp6+w0EyWAidKZw=="
      },
      "Microsoft.Extensions.Options": {
        "type": "CentralTransitive",
        "requested": "[10.0.10, )",
        "resolved": "10.0.10",
        "contentHash": "srnhnk7nE8krBiIXp71LvBmKBtraBONWSRzdjJgRv1Ko9Mp8IVNqv4vIS9hGeVteBig8aQkva9ZG+sC+o5sVcA==",
        "dependencies": {
          "Microsoft.Extensions.DependencyInjection.Abstractions": "10.0.10",
          "Microsoft.Extensions.Primitives": "10.0.10"
        }
      }
    }
  }
}