{
  "version": 2,
  "dependencies": {
    "net10.0": {
      "Google.Cloud.Firestore": {
        "type": "Direct",
        "requested": "[4.2.0, )",
        "resolved": "4.2.0",
        "contentHash": "8HWy3jlWDa5ApMgeDt+14/JBibjJ8NrwwijXUagiA+I4B50z9umDZ3pmcMfwNJ9L4ey8SrLbbTO55V04KH2y9Q==",
        "dependencies": {
          "Google.Cloud.Firestore.V1": "4.2.0",
          "Microsoft.Bcl.AsyncInterfaces": "10.0.3"
        }
      },
      "Google.Cloud.Functions.Hosting": {
        "type": "Direct",
        "requested": "[3.0.1, )",
        "resolved": "3.0.1",
        "contentHash": "KpaJIFEQ16Fn/SOE4xy9wE61/t00IQ7JscFhstC1ZXkTBOtvDNqeKVugTRamiFTYI12uas64QZgboK1NMDyTFw==",
        "dependencies": {
          "CloudNative.CloudEvents.SystemTextJson": "2.8.0",
          "Google.Cloud.Functions.Framework": "3.0.1"
        }
      },
      "Google.Cloud.PubSub.V1": {
        "type": "Direct",
        "requested": "[3.33.0, )",
        "resolved": "3.33.0",
        "contentHash": "3Bacs+X/QHkxIJzdn1Q+0fGIeKFg9wrxokEMI/9/8KctFdmMV76eO8gTOPjZbpNeEa1zSG55HzwwJCF1nstVZw==",
        "dependencies": {
          "Google.Api.Gax.Grpc": "[4.13.1, 5.0.0)",
          "Google.Cloud.Iam.V1": "[3.5.0, 4.0.0)"
        }
      },
      "Google.Cloud.Storage.V1": {
        "type": "Direct",
        "requested": "[4.14.0, )",
        "resolved": "4.14.0",
        "contentHash": "CLoAz9BDzqGEXWKWPuUxlk8/wcabsONxCa3MEQzxhbEGoKT1TOT6KnWNl1IhrBGqNw7IWtR/Xg06XHS8JYF1qQ==",
        "dependencies": {
          "Google.Api.Gax.Rest": "[4.12.1, 5.0.0)",
          "Google.Apis.Storage.v1": "[1.71.0.3920, 2.0.0)"
        }
      },
      "Google.Events.Protobuf": {
        "type": "Direct",
        "requested": "[1.8.0, )",
        "resolved": "1.8.0",
        "contentHash": "zHy5bnJypOBEADl5ZSfH8HhSq12C/dsJxelffYO4M9A/U7mKLuLzB6awQu6/jpEsyRRyujp3BdrMy27UoIO2Mw==",
        "dependencies": {
          "CloudNative.CloudEvents.SystemTextJson": "2.8.0",
          "Google.Api.CommonProtos": "2.16.0"
        }
      },
      "Microsoft.CodeAnalysis.BannedApiAnalyzers": {
        "type": "Direct",
        "requested": "[3.3.4, )",
        "resolved": "3.3.4",
        "contentHash": "0k2Jwpc8eq0hjOtX6TxRkHm9clkJ2PAQ3heEHgqIJZcsfdFosC/iyz18nsgTVDDWpID80rC7aiYK7ripx+Qndg=="
      },
      "Microsoft.CodeAnalysis.PublicApiAnalyzers": {
        "type": "Direct",
        "requested": "[3.3.4, )",
        "resolved": "3.3.4",
        "contentHash": "kNLTfXtXUWDHVt5iaPkkiPuyHYlMgLI6SOFT4w88bfeI2vqSeGgHunFkdvlaCM8RDfcY0t2+jnesQtidRJJ/DA=="
      },
      "Microsoft.Extensions.Configuration.Abstractions": {
        "type": "Direct",
        "requested": "[10.0.10, )",
        "resolved": "10.0.10",
        "contentHash": "5Vnd2I75DmZCVEjSynIdJ/0EGafgnLQwgR3t2C2/fkjx/nRG+cLwxLLdInoHeCEpkD5K4Ov/g9ZCRYrl4TRsaA==",
        "dependencies": {
          "Microsoft.Extensions.Primitives": "10.0.10"
        }
      },
      "Microsoft.Extensions.Options.ConfigurationExtensions": {
        "type": "Direct",
        "requested": "[10.0.10, )",
        "resolved": "10.0.10",
        "contentHash": "tnBmu/LwF25ZQK+HBNCu2xrwnkKoB/XEbJyooGGoYxHrhvxbSKi7eOFiJ4AXBy/QU4vtCvCJfoi8k9Ej72qzOQ==",
        "dependencies": {
          "Microsoft.Extensions.Configuration.Abstractions": "10.0.10",
          "Microsoft.Extensions.Configuration.Binder": "10.0.10",
          "Microsoft.Extensions.DependencyInjection.Abstractions": "10.0.10",
          "Microsoft.Extensions.Options": "10.0.10",
          "Microsoft.Extensions.Primitives": "10.0.10"
        }
      },
      "Microsoft.NET.ILLink.Tasks": {
        "type": "Direct",
        "requested": "[10.0.10, )",
        "resolved": "10.0.10",
        "contentHash": "f5VCIE7AJpd5YvzNTeMGVzQIgyE9tX+AreTYwQF+REbu+DZo/2Ae+jNSwhPEYrVz6RRkd7y8ubXjk6Nn6Ka+Cg=="
      },
      "MinVer": {
        "type": "Direct",
        "requested": "[6.0.0, )",
        "resolved": "6.0.0",
        "contentHash": "+/SsmiySsXJlvQLCGBqaZKNVt3s/Y/HbAdwtop7Km2CnuZbaScoqkWJEBQ5Cy9ebkn6kCYKrHsXgwrFdTgcb3g=="
      },
      "CloudNative.CloudEvents.AspNetCore": {
        "type": "Transitive",
        "resolved": "2.8.0",
        "contentHash": "wkYudLZ+fDLwJDvUDQlL8VAvlCUHhhafRg3blhrvwOvFJR3nj4PY8gs5ROAAlhHMmxvHfufE0LNoyqdL7Bj80g==",
        "dependencies": {
          "CloudNative.CloudEvents": "2.8.0"
        }
      },
      "Google.Api.CommonProtos": {
        "type": "Transitive",
        "resolved": "2.17.0",
        "contentHash": "elfQPknFr495hm7vdy6ZlgyQh6yzZq9TU7sS35L/Fj/fqjM/mUGau9gVJLhvQEtUlPjtR80hpn/m9HvBMyCXIw==",
        "dependencies": {
          "Google.Protobuf": "[3.31.1, 4.0.0]"
        }
      },
      "Google.Api.Gax": {
        "type": "Transitive",
        "resolved": "4.13.1",
        "contentHash": "ujDpZk7O2VqAEIqcSlhH0FKzVpGZWly/qcNjHxpNUrL445Tei9PHnu4V1pwW2WDiMDvo3TpL1Bi4DeU525Afrg==",
        "dependencies": {
          "Microsoft.Bcl.AsyncInterfaces": "6.0.0",
          "Newtonsoft.Json": "13.0.4"
        }
      },
      "Google.Api.Gax.Rest": {
        "type": "Transitive",
        "resolved": "4.12.1",
        "contentHash": "djYb7sDJvUiOG66fpDIOsprrZz4RPbiAtMiKtRguQhrzlHasd+3k/u6BQFFY3S0KCdxJzvv8M8hi81Ocdi6Ijw==",
        "dependencies": {
          "Google.Api.Gax": "4.12.1",
          "Google.Apis.Auth": "1.72.0",
          "Microsoft.Extensions.DependencyInjection.Abstractions": "6.0.0"
        }
      },
      "Google.Apis": {
        "type": "Transitive",
        "resolved": "1.73.0",
        "contentHash": "TnCjEyV2aCLQ6Zl40OCbEJULDuEkEWc6C/g81KYw5l1PqGo+G7pFZrV+YH8XgUL0JRUanz+IrUp8SsKF4dzkqg==",
        "dependencies": {
          "Google.Apis.Core": "1.73.0"
        }
      },
      "Google.Apis.Core": {
        "type": "Transitive",
        "resolved": "1.73.0",
        "contentHash": "vSc7CY4KCP7HE4QTElDx/ExnGLbg9kXb89MS6cdvI+0D4sxvTYb16vGtXmF2jSDMV3iDmykSXdIUPTz8TDS6gg==",
        "dependencies": {
          "Newtonsoft.Json": "13.0.4"
        }
      },
      "Google.Apis.Storage.v1": {
        "type": "Transitive",
        "resolved": "1.71.0.3920",
        "contentHash": "jW4i96fvFjtkPOdOo3bfC2Wity0krx3RTCExTksIx9lS/k7HmbF/zfxE1z3VouhrQvwwdEOkrR4TxdxzomJKxQ==",
        "dependencies": {
          "Google.Apis": "1.71.0",
          "Google.Apis.Auth": "1.71.0"
        }
      },
      "Google.Cloud.Firestore.V1": {
        "type": "Transitive",
        "resolved": "4.2.0",
        "contentHash": "x0RQNeS3aeRdKZV0aepPn5Msx0xaYg9tSKLYOrtrya4bbxbNmhwJiRsxD9IexkeSvc8w5CsWqYAPm1jtFj8I7g==",
        "dependencies": {
          "Google.Api.Gax.Grpc": "[4.13.1, 5.0.0)",
          "Google.Cloud.Location": "[2.4.0, 3.0.0)",
          "Google.LongRunning": "[3.5.0, 4.0.0)"
        }
      },
      "Google.Cloud.Iam.V1": {
        "type": "Transitive",
        "resolved": "3.5.0",
        "contentHash": "CTLBAQ7WxsLoA4lovpvhF4MRUJH64smrIjuD/0jDrLs6zpbpf+f8Ur8ekRKv67kwlpN6Ug0q7EuT2csWDEczlQ==",
        "dependencies": {
          "Google.Api.Gax.Grpc": "[4.12.1, 5.0.0)"
        }
      },
      "Google.Cloud.Location": {
        "type": "Transitive",
        "resolved": "2.4.0",
        "contentHash": "ZFChsp6OYVPBAzpoEWFMf/W9lfOgPj5BY+75/VjGV6EoirhA3YNlSKta3fX2MPaWH6RqJ9ZtNJT4vmdxhxbkbQ==",
        "dependencies": {
          "Google.Api.Gax.Grpc": "[4.12.1, 5.0.0)"
        }
      },
      "Google.LongRunning": {
        "type": "Transitive",
        "resolved": "3.5.0",
        "contentHash": "W8xO6FA+rG8WjKOsyIjTKjeKLcyCrjBBYeEdZ4QBkKQcxmRczbrfKhKQmdorb2V35CqXeeTbue5Na6Zkgyv8ow==",
        "dependencies": {
          "Google.Api.Gax.Grpc": "[4.12.1, 5.0.0)"
        }
      },
      "Grpc.Auth": {
        "type": "Transitive",
        "resolved": "2.71.0",
        "contentHash": "t2aGh/pMgqmc3GimtYfC7VcgVY/VSbk6SLH+61wewsgK45tzxxD9nYYItT5bpLn7fbebirmHXfgJcVKIArd0cg==",
        "dependencies": {
          "Google.Apis.Auth": "1.69.0",
          "Grpc.Core.Api": "2.71.0"
        }
      },
      "Grpc.Core.Api": {
        "type": "Transitive",
        "resolved": "2.76.0",
        "contentHash": "cSxC2tdnFdXXuBgIn1pjc4YBx7LXTCp4M0qn+SMBS35VWZY+cEQYLWTBDDhdBH1HzU7BV+ncVZlniGQHMpRJKQ=="
      },
      "Grpc.Net.Common": {
        "type": "Transitive",
        "resolved": "2.76.0",
        "contentHash": "bZpiMVYgvpB44/wBh1RotrkqC7bg2FOasLri2GhR3hMKyzsiTxCoDE49YjPrJeFc4RW0wS8u+EInI09sjxVFRA==",
        "dependencies": {
          "Grpc.Core.Api": "2.76.0"
        }
      },
      "Microsoft.AspNetCore.Metadata": {
        "type": "Transitive",
        "resolved": "10.0.7",
        "contentHash": "2R5OttDx1xwxcjp4Mhm/egEFtQBJq7haSX5L32QF7Q0wTN/PBdqEpuJoBnlvVVuph9gYz5jtWh2wpzz1tIFltg=="
      },
      "Microsoft.Bcl.AsyncInterfaces": {
        "type": "Transitive",
        "resolved": "10.0.3",
        "contentHash": "TV62UsrJZPX6gbt3c4WrtXh7bmaDIcMqf9uft1cc4L6gJXOU07hDGEh+bFQh/L2Az0R1WVOkiT66lFqS6G2NmA=="
      },
      "Microsoft.Extensions.Diagnostics": {
        "type": "Transitive",
        "resolved": "10.0.10",
        "contentHash": "Kr/e7lUf4+N8tacbqJ2Ctwe/HarKdAc9ZkgKVVqvtJDBKbez+T/KnUwu82KSlnBp/SrpBcxc7u7xkE2oUZT/5Q==",
        "dependencies": {
          "Microsoft.Extensions.Configuration": "10.0.10",
          "Microsoft.Extensions.Diagnostics.Abstractions": "10.0.10",
          "Microsoft.Extensions.Options.ConfigurationExtensions": "10.0.10"
        }
      },
      "Microsoft.Extensions.Diagnostics.Abstractions": {
        "type": "Transitive",
        "resolved": "10.0.10",
        "contentHash": "9uWiKpeOVac355STyChWR/pliFX/5CeLqChW9kKsaxyDH4EUTZxMkT4Jwp/J/peLm0GBFmSX5c0WCse3yCnq1Q==",
        "dependencies": {
          "Microsoft.Extensions.DependencyInjection.Abstractions": "10.0.10",
          "Microsoft.Extensions.Options": "10.0.10"
        }
      },
      "Microsoft.Extensions.FileProviders.Abstractions": {
        "type": "Transitive",
        "resolved": "10.0.10",
        "contentHash": "c5zqFCY9DiIpMovLd7/d/CTiEtrMOuQ639dhv3PABtKQIKNQikSHwQt8+N679uii9q+B55lgK28Uv64FOwEu8w==",
        "dependencies": {
          "Microsoft.Extensions.Primitives": "10.0.10"
        }
      },
      "Microsoft.Extensions.Primitives": {
        "type": "Transitive",
        "resolved": "10.0.10",
        "contentHash": "5wu/GrYVd8mG2DVUw3vFJzF+O336TyTGg/Kmcgw9bfwYhCoFiV5lR5QeEmKecJyrW4W54nMfD3p3589E8a7czQ=="
      },
      "Newtonsoft.Json": {
        "type": "Transitive",
        "resolved": "13.0.4",
        "contentHash": "pdgNNMai3zv51W5aq268sujXUyx7SNdE2bj1wZcWjAQrKMFZV260lbqYop1d2GM67JI1huLRwxo9ZqnfF/lC6A=="
      },
      "System.CodeDom": {
        "type": "Transitive",
        "resolved": "7.0.0",
        "contentHash": "GLltyqEsE5/3IE+zYRP5sNa1l44qKl9v+bfdMcwg+M9qnQf47wK3H0SUR/T+3N4JEQXF3vV4CSuuo0rsg+nq2A=="
      },
      "System.Management": {
        "type": "Transitive",
        "resolved": "7.0.2",
        "contentHash": "/qEUN91mP/MUQmJnM5y5BdT7ZoPuVrtxnFlbJ8a3kBJGhe2wCzBfnPFtK2wTtEEcf3DMGR9J00GZZfg6HRI6yA==",
        "dependencies": {
          "System.CodeDom": "7.0.0"
        }
      },
      "excalibur.dispatch": {
        "type": "Project",
        "dependencies": {
          "CloudNative.CloudEvents.SystemTextJson": "[2.8.0, )",
          "Cronos": "[0.12.0, )",
          "Excalibur.Dispatch.Abstractions": "[1.0.0, )",
          "Medo.Uuid7": "[3.2.0, )",
          "Microsoft.AspNetCore.Authorization": "[10.0.7, )",
          "Microsoft.Extensions.DependencyInjection": "[10.0.10, )",
          "Microsoft.Extensions.DependencyInjection.Abstractions": "[10.0.10, )",
          "Microsoft.Extensions.Diagnostics.HealthChecks": "[10.0.10, )",
          "Microsoft.Extensions.Hosting.Abstractions": "[10.0.10, )",
          "Microsoft.Extensions.Http": "[10.0.10, )",
          "Microsoft.Extensions.Logging.Abstractions": "[10.0.10, )",
          "Microsoft.Extensions.ObjectPool": "[10.0.10, )",
          "Microsoft.Extensions.Options.ConfigurationExtensions": "[10.0.10, )",
          "Microsoft.Extensions.Options.DataAnnotations": "[10.0.10, )",
          "System.Threading.RateLimiting": "[10.0.7, )"
        }
      },
      "excalibur.dispatch.abstractions": {
        "type": "Project",
        "dependencies": {
          "Medo.Uuid7": "[3.2.0, )",
          "Microsoft.Extensions.DependencyInjection.Abstractions": "[10.0.10, )",
          "Microsoft.Extensions.Logging.Abstractions": "[10.0.10, )",
          "Microsoft.Extensions.Options": "[10.0.10, )"
        }
      },
      "excalibur.dispatch.hosting.serverless.abstractions": {
        "type": "Project",
        "dependencies": {
          "Excalibur.Dispatch": "[1.0.0, )",
          "Excalibur.Dispatch.Abstractions": "[1.0.0, )",
          "Microsoft.Extensions.Configuration.Abstractions": "[10.0.10, )",
          "Microsoft.Extensions.DependencyInjection.Abstractions": "[10.0.10, )",
          "Microsoft.Extensions.Hosting.Abstractions": "[10.0.10, )",
          "Microsoft.Extensions.Logging.Abstractions": "[10.0.10, )",
          "Microsoft.Extensions.Options": "[10.0.10, )",
          "Microsoft.Extensions.Options.ConfigurationExtensions": "[10.0.10, )"
        }
      },
      "CloudNative.CloudEvents": {
        "type": "CentralTransitive",
        "requested": "[2.8.0, )",
        "resolved": "2.8.0",
        "contentHash": "RvabvAQV7u3FZcZL5UlRmFz3/T5nMl86GpChpRvHKRHbO+/I4LBcZ0xRqYnNfAh30gM+h/JkSBHEnbhl0zmGtA=="
      },
      "CloudNative.CloudEvents.SystemTextJson": {
        "type": "CentralTransitive",
        "requested": "[2.8.0, )",
        "resolved": "2.8.0",
        "contentHash": "En3Bvf7tTbGyB/AWJIPGw8ksh1OgiSI3cBXmNvuH9+PMR4l0vVRlp9YsTu+gY7S/0VFyJDHP66P3uZHzgsRQ7w==",
        "dependencies": {
          "CloudNative.CloudEvents": "2.8.0"
        }
      },
      "Cronos": {
        "type": "CentralTransitive",
        "requested": "[0.12.0, )",
        "resolved": "0.12.0",
        "contentHash": "rOBW2cimLtkRoyLIZWZx1uM300cNI2wUKOUbLbGLnNQRly5R/YK3VdC1mk3Wvt24J4k9PY5j+9WL4smv0RIZvA=="
      },
      "Google.Api.Gax.Grpc": {
        "type": "CentralTransitive",
        "requested": "[4.13.1, )",
        "resolved": "4.13.1",
        "contentHash": "QgYF0bd8z6xWSVLGkGAMPB70seJSa9J02lFn8LT0Rb7PjSxZYpX+wU6LbVmghxDi6Wd64taulpX37pFq20J61g==",
        "dependencies": {
          "Google.Api.CommonProtos": "2.17.0",
          "Google.Api.Gax": "4.13.1",
          "Google.Apis.Auth": "1.73.0",
          "Grpc.Auth": "[2.71.0, 3.0.0)",
          "Grpc.Core.Api": "[2.71.0, 3.0.0)",
          "Grpc.Net.Client": "[2.71.0, 3.0.0)",
          "Microsoft.Extensions.DependencyInjection.Abstractions": "6.0.0"
        }
      },
      "Google.Apis.Auth": {
        "type": "CentralTransitive",
        "requested": "[1.73.0, )",
        "resolved": "1.73.0",
        "contentHash": "wEu12uhnRv3zrPBSqv4E2vPH6lYLtc1RPAnU9MJRCMFlBVwZ7Lnq3NfbYXi6VG7EurkYInTaMpeBZkbM/HrAog==",
        "dependencies": {
          "Google.Apis": "1.73.0",
          "Google.Apis.Core": "1.73.0",
          "System.Management": "7.0.2"
        }
      },
      "Google.Cloud.Functions.Framework": {
        "type": "CentralTransitive",
        "requested": "[3.0.1, )",
        "resolved": "3.0.1",
        "contentHash": "GRxWPuiT//6lJx1y9d0ctlF67/WTjZSMEzXKNdGv3CxptTUV2a3WGw1bD4dVwT4L22WR92+Pjk7NofwuRC+M1w==",
        "dependencies": {
          "CloudNative.CloudEvents.AspNetCore": "2.8.0"
        }
      },
      "Google.Protobuf": {
        "type": "CentralTransitive",
        "requested": "[3.34.1, )",
        "resolved": "3.34.1",
        "contentHash": "212vdYxRuVopGE5bess6Jg5oXWyizA6hcLPTI7G+qA4PthQEvfeof3njT+7VSY5v/+O0P22xTydiP5fSJJpGEA=="
      },
      "Grpc.Net.Client": {
        "type": "CentralTransitive",
        "requested": "[2.76.0, )",
        "resolved": "2.76.0",
        "contentHash": "K1oldmqw2+Gn69nGRzZLhqSiUZwelX1GrBu/cUl9wNf1C0uB61vFS6JcxUUv9P8VoUJhFsmV44JA6lI2EUt4xw==",
        "dependencies": {
          "Grpc.Net.Common": "2.76.0",
          "Microsoft.Extensions.Logging.Abstractions": "8.0.0"
        }
      },
      "Medo.Uuid7": {
        "type": "CentralTransitive",
        "requested": "[3.2.0, )",
        "resolved": "3.2.0",
        "contentHash": "18Gp47N8I7Vq319f5qTEdqX1GPOworXeNIjuxLN3Szqz96aMuORklGbnSllhEUmQZf3UWmp+X9pVDCKEf5zoaA=="
      },
      "Microsoft.AspNetCore.Authorization": {
        "type": "CentralTransitive",
        "requested": "[10.0.7, )",
        "resolved": "10.0.7",
        "contentHash": "1PoyntOWDXS0lzzs0NJyEq++d51B3JIEeZFBvMj6f0PHO5tNwXK5Sb5BhgHSuNFrYeiWD+KFUZSBu8KtslmBSg==",
        "dependencies": {
          "Microsoft.AspNetCore.Metadata": "10.0.7",
          "Microsoft.Extensions.Diagnostics": "10.0.7",
          "Microsoft.Extensions.Logging.Abstractions": "10.0.7",
          "Microsoft.Extensions.Options": "10.0.7"
        }
      },
      "Microsoft.Extensions.Configuration": {
        "type": "CentralTransitive",
        "requested": "[10.0.10, )",
        "resolved": "10.0.10",
        "contentHash": "plJWK2zpWuuyxI8F8s2scx6Je7N1Ajjs6HvYUGKwRnDMWIVIz9FHwAkiT7ASgrvAOd10T0FPVlh9BzAJJME+jg==",
        "dependencies": {
          "Microsoft.Extensions.Configuration.Abstractions": "10.0.10",
          "Microsoft.Extensions.Primitives": "10.0.10"
        }
      },
      "Microsoft.Extensions.Configuration.Binder": {
        "type": "CentralTransitive",
        "requested": "[10.0.10, )",
        "resolved": "10.0.10",
        "contentHash": "GqmN2o1CkJvk7uWp+p4CwBYW0w/zfoEbvsiFDbO2G8l1Uz+mrDAbAcZiXhU2lufKPby1cjAUdd5GTWpebYOkOA==",
        "dependencies": {
          "Microsoft.Extensions.Configuration": "10.0.10",
          "Microsoft.Extensions.Configuration.Abstractions": "10.0.10"
        }
      },
      "Microsoft.Extensions.DependencyInjection": {
        "type": "CentralTransitive",
        "requested": "[10.0.10, )",
        "resolved": "10.0.10",
        "contentHash": "ANyvsgkNBRvcJh2XLgn8veGmajf+8m0AbKK+HPWdRL1yraSNVVSmQhFntLtdz/C795jxqqup+k05cs/3jZQPOA==",
        "dependencies": {
          "Microsoft.Extensions.DependencyInjection.Abstractions": "10.0.10"
        }
      },
      "Microsoft.Extensions.DependencyInjection.Abstractions": {
        "type": "CentralTransitive",
        "requested": "[10.0.10, )",
        "resolved": "10.0.10",
        "contentHash": "z/2xXlFw2aLGjHyEm6E0tQ+In6VfzQzTrtArbQ2c0TQE16ZbyDCMGPvaUT9I0s8rgy9sRWlU2P9waW37qV04qA=="
      },
      "Microsoft.Extensions.Diagnostics.HealthChecks": {
        "type": "CentralTransitive",
        "requested": "[10.0.10, )",
        "resolved": "10.0.10",
        "contentHash": "R0O5oG+zAJeBSM8nNTa+Ycj2Zobyr/v6Ilo7Dha0sNB2Vq/XXoLdoecj9DAWGbN8YrPaW6u8+osTQ5Ypj7ZF0w==",
        "dependencies": {
          "Microsoft.Extensions.Diagnostics.HealthChecks.Abstractions": "10.0.10",
          "Microsoft.Extensions.Hosting.Abstractions": "10.0.10",
          "Microsoft.Extensions.Logging.Abstractions": "10.0.10",
          "Microsoft.Extensions.Options": "10.0.10"
        }
      },
      "Microsoft.Extensions.Diagnostics.HealthChecks.Abstractions": {
        "type": "CentralTransitive",
        "requested": "[10.0.10, )",
        "resolved": "10.0.10",
        "contentHash": "6euxgVR7NS83y0a2wLRAxfYXusLQJ2e1ah0MpQgYTYMs5lYrmdNP79C6T8uvRZdP87n5mcCcp6+w0EyWAidKZw=="
      },
      "Microsoft.Extensions.Hosting.Abstractions": {
        "type": "CentralTransitive",
        "requested": "[10.0.10, )",
        "resolved": "10.0.10",
        "contentHash": "5LugpYGHk+mkn0a8IZgcyfBca8PCTAU9RQFoMrTdtOOidq88M2SI5f3px6ugnzgxC+eTkvYYJi8pzlUnG5xdAQ==",
        "dependencies": {
          "Microsoft.Extensions.Configuration.Abstractions": "10.0.10",
          "Microsoft.Extensions.DependencyInjection.Abstractions": "10.0.10",
          "Microsoft.Extensions.Diagnostics.Abstractions": "10.0.10",
          "Microsoft.Extensions.FileProviders.Abstractions": "10.0.10",
          "Microsoft.Extensions.Logging.Abstractions": "10.0.10"
        }
      },
      "Microsoft.Extensions.Http": {
        "type": "CentralTransitive",
        "requested": "[10.0.10, )",
        "resolved": "10.0.10",
        "contentHash": "DuEBLw2y7ZBfilnaJtlge8f2M49932v43t7j1InceXVjcZzxNrSEkobYXdgZkXuPFnFbKcbWpAS+fZgYEW1BhA==",
        "dependencies": {
          "Microsoft.Extensions.Configuration.Abstractions": "10.0.10",
          "Microsoft.Extensions.DependencyInjection.Abstractions": "10.0.10",
          "Microsoft.Extensions.Diagnostics": "10.0.10",
          "Microsoft.Extensions.Logging": "10.0.10",
          "Microsoft.Extensions.Logging.Abstractions": "10.0.10",
          "Microsoft.Extensions.Options": "10.0.10"
        }
      },
      "Microsoft.Extensions.Logging": {
        "type": "CentralTransitive",
        "requested": "[10.0.10, )",
        "resolved": "10.0.10",
        "contentHash": "Tf6z5HsL0VDYRTfvsoNrTGHGheCwkTsZBA2FFh5ATJUbkAwug+FFNISJK2gjpUNemlAOoWllAK52HOWCjto3EQ==",
        "dependencies": {
          "Microsoft.Extensions.DependencyInjection": "10.0.10",
          "Microsoft.Extensions.Logging.Abstractions": "10.0.10",
          "Microsoft.Extensions.Options": "10.0.10"
        }
      },
      "Microsoft.Extensions.Logging.Abstractions": {
        "type": "CentralTransitive",
        "requested": "[10.0.10, )",
        "resolved": "10.0.10",
        "contentHash": "zkFxGYUvdxAvIKTyXHrmW+Sux53D4SezD9dMyZ6hrwwzPQJNuwCRy1f5W7AvYTqacEGhWF2XderRQG1OvbV8og==",
        "dependencies": {
          "Microsoft.Extensions.DependencyInjection.Abstractions": "10.0.10"
        }
      },
      "Microsoft.Extensions.ObjectPool": {
        "type": "CentralTransitive",
        "requested": "[10.0.10, )",
        "resolved": "10.0.10",
        "contentHash": "Tx0R6PY9MNSh0mDKSxbpHLuuec93IxF1cel+1ithQnMNr/vbfLSSHOQHGHIppAJCGfPcEo/wO1Ylj+QpXtzo3A=="
      },
      "Microsoft.Extensions.Options": {
        "type": "CentralTransitive",
        "requested": "[10.0.10, )",
        "resolved": "10.0.10",
        "contentHash": "srnhnk7nE8krBiIXp71LvBmKBtraBONWSRzdjJgRv1Ko9Mp8IVNqv4vIS9hGeVteBig8aQkva9ZG+sC+o5sVcA==",
        "dependencies": {
          "Microsoft.Extensions.DependencyInjection.Abstractions": "10.0.10",
          "Microsoft.Extensions.Primitives": "10.0.10"
        }
      },
      "Microsoft.Extensions.Options.DataAnnotations": {
        "type": "CentralTransitive",
        "requested": "[10.0.10, )",
        "resolved": "10.0.10",
        "contentHash": "I9YZfS0FpPIIhU6WJgMnmKAVd4R9yFR5ck4Q3GnTpErFJxxesyiK2tFia5V8Ja9K3+XvnzIipjqE7KEZ1LIvOQ==",
        "dependencies": {
          "Microsoft.Extensions.DependencyInjection.Abstractions": "10.0.10",
          "Microsoft.Extensions.Options": "10.0.10"
        }
      },
      "System.Threading.RateLimiting": {
        "type": "CentralTransitive",
        "requested": "[10.0.7, )",
        "resolved": "10.0.7",
        "contentHash": "jyE25vnx7GODTj0HyNLw0N1xZZnC393yheswsr4OMCZIrJ8VrBzgpPf9a+qJyDoQXt49cekHy1dIY1eQa5uhOg=="
      }
    }
  }
}