{
  "version": 2,
  "dependencies": {
    "net10.0": {
      "Microsoft.CodeAnalysis.BannedApiAnalyzers": {
        "type": "Direct",
        "requested": "[3.3.4, )",
        "resolved": "3.3.4",
        "contentHash": "0k2Jwpc8eq0hjOtX6TxRkHm9clkJ2PAQ3heEHgqIJZcsfdFosC/iyz18nsgTVDDWpID80rC7aiYK7ripx+Qndg=="
      },
      "Microsoft.CodeAnalysis.PublicApiAnalyzers": {
        "type": "Direct",
        "requested": "[3.3.4, )",
        "resolved": "3.3.4",
        "contentHash": "kNLTfXtXUWDHVt5iaPkkiPuyHYlMgLI6SOFT4w88bfeI2vqSeGgHunFkdvlaCM8RDfcY0t2+jnesQtidRJJ/DA=="
      },
      "Microsoft.Extensions.Options": {
        "type": "Direct",
        "requested": "[10.0.10, )",
        "resolved": "10.0.10",
        "contentHash": "srnhnk7nE8krBiIXp71LvBmKBtraBONWSRzdjJgRv1Ko9Mp8IVNqv4vIS9hGeVteBig8aQkva9ZG+sC+o5sVcA=="
      },
      "Microsoft.Extensions.Options.ConfigurationExtensions": {
        "type": "Direct",
        "requested": "[10.0.10, )",
        "resolved": "10.0.10",
        "contentHash": "tnBmu/LwF25ZQK+HBNCu2xrwnkKoB/XEbJyooGGoYxHrhvxbSKi7eOFiJ4AXBy/QU4vtCvCJfoi8k9Ej72qzOQ=="
      },
      "Microsoft.NET.ILLink.Tasks": {
        "type": "Direct",
        "requested": "[10.0.10, )",
        "resolved": "10.0.10",
        "contentHash": "f5VCIE7AJpd5YvzNTeMGVzQIgyE9tX+AreTYwQF+REbu+DZo/2Ae+jNSwhPEYrVz6RRkd7y8ubXjk6Nn6Ka+Cg=="
      },
      "MinVer": {
        "type": "Direct",
        "requested": "[6.0.0, )",
        "resolved": "6.0.0",
        "contentHash": "+/SsmiySsXJlvQLCGBqaZKNVt3s/Y/HbAdwtop7Km2CnuZbaScoqkWJEBQ5Cy9ebkn6kCYKrHsXgwrFdTgcb3g=="
      },
      "Azure.Core": {
        "type": "Transitive",
        "resolved": "1.52.0",
        "contentHash": "If2gP0B4kDAwOw3kvMFs7gEounDhLyeleoWMih0xPdGAvhKpcWQwoPI3L/L0gmcQt0hrtqDnRni1jaIaxwdL7w==",
        "dependencies": {
          "Microsoft.Bcl.AsyncInterfaces": "10.0.3",
          "System.ClientModel": "1.10.0",
          "System.Memory.Data": "10.0.3"
        }
      },
      "Azure.Monitor.OpenTelemetry.Exporter": {
        "type": "Transitive",
        "resolved": "1.7.0",
        "contentHash": "fexzK+HM06C3tmBL6DLNVAcgutBMY7hQ7tGcdpCyq6HaXvbNz6cFtenrJUAdXM8Y4G+3QmZ6PIAL1hFrVe4Mpw==",
        "dependencies": {
          "Azure.Core": "1.52.0",
          "OpenTelemetry.Extensions.Hosting": "1.15.1",
          "OpenTelemetry.PersistentStorage.FileSystem": "1.0.2"
        }
      },
      "BenchmarkDotNet.Annotations": {
        "type": "Transitive",
        "resolved": "0.15.8",
        "contentHash": "hfucY0ycAsB0SsoaZcaAp9oq5wlWBJcylvEJb9pmvdYUx6PD6S4mDiYnZWjdjAlLhIpe/xtGCwzORfzAzPqvzA=="
      },
      "CommandLineParser": {
        "type": "Transitive",
        "resolved": "2.9.1",
        "contentHash": "OE0sl1/sQ37bjVsPKKtwQlWDgqaxWgtme3xZz7JssWUzg5JpMIyHgCTY9MVMxOg48fJ1AgGT3tgdH5m/kQ5xhA=="
      },
      "Gee.External.Capstone": {
        "type": "Transitive",
        "resolved": "2.3.0",
        "contentHash": "2ap/rYmjtzCOT8hxrnEW/QeiOt+paD8iRrIcdKX0cxVwWLFa1e+JDBNeECakmccXrSFeBQuu5AV8SNkipFMMMw=="
      },
      "Iced": {
        "type": "Transitive",
        "resolved": "1.21.0",
        "contentHash": "dv5+81Q1TBQvVMSOOOmRcjJmvWcX3BZPZsIq31+RLc5cNft0IHAyNlkdb7ZarOWG913PyBoFDsDXoCIlKmLclg=="
      },
      "MemoryPack.Core": {
        "type": "Transitive",
        "resolved": "1.21.4",
        "contentHash": "6RszGorZ0ejNmp37ZcboPBMvvPCuNW2jlrdQfcs/lMzE5b3pmPF6hsm/laDc34hRlbAST1ZxaX/DvYu2DF5sBQ=="
      },
      "MemoryPack.Generator": {
        "type": "Transitive",
        "resolved": "1.21.4",
        "contentHash": "g14EsSS85yn0lHTi0J9ivqlZMf09A2iI51fmI+0KkzIzyCbWOBWPi5mdaY7YWmXprk12aYh9u/qfWHQUYthlwg=="
      },
      "Microsoft.Bcl.AsyncInterfaces": {
        "type": "Transitive",
        "resolved": "10.0.3",
        "contentHash": "TV62UsrJZPX6gbt3c4WrtXh7bmaDIcMqf9uft1cc4L6gJXOU07hDGEh+bFQh/L2Az0R1WVOkiT66lFqS6G2NmA=="
      },
      "Microsoft.Diagnostics.NETCore.Client": {
        "type": "Transitive",
        "resolved": "0.2.510501",
        "contentHash": "juoqJYMDs+lRrrZyOkXXMImJHneCF23cuvO4waFRd2Ds7j+ZuGIPbJm0Y/zz34BdeaGiiwGWraMUlln05W1PCQ=="
      },
      "Microsoft.Diagnostics.Runtime": {
        "type": "Transitive",
        "resolved": "3.1.512801",
        "contentHash": "0lMUDr2oxNZa28D6NH5BuSQEe5T9tZziIkvkD44YkkCGQXPJqvFjLq5ZQq1hYLl3RjQJrY+hR0jFgap+EWPDTw==",
        "dependencies": {
          "Microsoft.Diagnostics.NETCore.Client": "0.2.410101"
        }
      },
      "Microsoft.Diagnostics.Tracing.TraceEvent": {
        "type": "Transitive",
        "resolved": "3.1.21",
        "contentHash": "/OrJFKaojSR6TkUKtwh8/qA9XWNtxLrXMqvEb89dBSKCWjaGVTbKMYodIUgF5deCEtmd6GXuRerciXGl5bhZ7Q==",
        "dependencies": {
          "Microsoft.Diagnostics.NETCore.Client": "0.2.510501",
          "System.Reflection.TypeExtensions": "4.7.0"
        }
      },
      "Microsoft.DotNet.PlatformAbstractions": {
        "type": "Transitive",
        "resolved": "3.1.6",
        "contentHash": "jek4XYaQ/PGUwDKKhwR8K47Uh1189PFzMeLqO83mXrXQVIpARZCcfuDedH50YDTepBkfijCZN5U/vZi++erxtg=="
      },
      "Microsoft.IdentityModel.Abstractions": {
        "type": "Transitive",
        "resolved": "8.17.0",
        "contentHash": "6NrxQGcZg6IunkN8K2F0UVMavNpfCjbjjjON7PYcL8FwI8aULKUreiHsRX/yaA8j3XsTJnQKUYpoQk5gBjULZw=="
      },
      "Microsoft.IdentityModel.JsonWebTokens": {
        "type": "Transitive",
        "resolved": "8.17.0",
        "contentHash": "JbFZ3OVwtvqcqgBL0cIkhRYbIP7u9GIUYLOgbNqLWtBtZY8tGDpdGyXMzUVX0gVHq1ovuHsKZrkVv+ziHEnBHw==",
        "dependencies": {
          "Microsoft.IdentityModel.Tokens": "8.17.0"
        }
      },
      "Microsoft.IdentityModel.Logging": {
        "type": "Transitive",
        "resolved": "8.17.0",
        "contentHash": "w1vjfri0BWqW7RkSZY3ZsqekNfIJJg5BQSFs2j+a+pCXOVrkezmJcn74pT3djwjXJh71577C6wJQgNc2UPz30w==",
        "dependencies": {
          "Microsoft.IdentityModel.Abstractions": "8.17.0"
        }
      },
      "Newtonsoft.Json": {
        "type": "Transitive",
        "resolved": "13.0.1",
        "contentHash": "ppPFpBcvxdsfUonNcvITKqLl3bqxWbDCZIzDWHzjpdAHRFfZe0Dw9HmA0+za13IdyrgJwpkDTDA9fHaxOrt20A=="
      },
      "OpenTelemetry.Api.ProviderBuilderExtensions": {
        "type": "Transitive",
        "resolved": "1.15.3",
        "contentHash": "SYn0lqYDwLMWhv/zlNGsQcl2yX++yTumanX46bmOZE/ZDOd1WjPBO2kZaZgKLEZTZk48pavIFGJ6vOvxXgWVFQ==",
        "dependencies": {
          "OpenTelemetry.Api": "1.15.3"
        }
      },
      "OpenTelemetry.PersistentStorage.Abstractions": {
        "type": "Transitive",
        "resolved": "1.0.2",
        "contentHash": "QuBc6e7M4Skvbc+eTQGSmrcoho7lSkHLT5ngoSsVeeT8OXLpSUETNcuRPW8F5drTPTzzTKQ98C5AhKO/pjpTJg=="
      },
      "OpenTelemetry.PersistentStorage.FileSystem": {
        "type": "Transitive",
        "resolved": "1.0.2",
        "contentHash": "ys0l9vL0/wOV9p/iuyDeemjX+d8iH4yjaYA1IcmyQUw0xsxx0I3hQm7tN3FnuRPsmPtrohiLtp31hO1BcrhQ+A==",
        "dependencies": {
          "OpenTelemetry.PersistentStorage.Abstractions": "1.0.2"
        }
      },
      "Perfolizer": {
        "type": "Transitive",
        "resolved": "0.6.1",
        "contentHash": "CR1QmWg4XYBd1Pb7WseP+sDmV8nGPwvmowKynExTqr3OuckIGVMhvmN4LC5PGzfXqDlR295+hz/T7syA1CxEqA==",
        "dependencies": {
          "Pragmastat": "3.2.4"
        }
      },
      "Polly.Core": {
        "type": "Transitive",
        "resolved": "8.6.6",
        "contentHash": "lCBL9mmhF9TZxHG3beVRkyjlLohkIC464xIAq7J7Y59C+z42hmsdUaeCKl2SIAYertOUU5TeBXyQDLDQGIKePQ=="
      },
      "Pragmastat": {
        "type": "Transitive",
        "resolved": "3.2.4",
        "contentHash": "I5qFifWw/gaTQT52MhzjZpkm/JPlfjSeO/DTZJjO7+hTKI+0aGRgOgZ3NN6D96dDuuqbIAZSeA5RimtHjqrA2A=="
      },
      "System.ClientModel": {
        "type": "Transitive",
        "resolved": "1.10.0",
        "contentHash": "lBEWs54F5Y5pZ9hC+8z4S/X76957ex+DPk7WecRHlbIHtrPfbRMMlOgI3iDn4Jpb3bSxvBnKaaHoD59auFjlBA==",
        "dependencies": {
          "System.Memory.Data": "10.0.3"
        }
      },
      "System.CodeDom": {
        "type": "Transitive",
        "resolved": "9.0.5",
        "contentHash": "cuzLM2MWutf9ZBEMPYYfd0DXwYdvntp7VCT6a/wvbKCa2ZuvGmW74xi+YBa2mrfEieAXqM4TNKlMmSnfAfpUoQ=="
      },
      "System.Management": {
        "type": "Transitive",
        "resolved": "9.0.5",
        "contentHash": "n6o9PZm9p25+zAzC3/48K0oHnaPKTInRrxqFq1fi/5TPbMLjuoCm/h//mS3cUmSy+9AO1Z+qsC/Ilt/ZFatv5Q==",
        "dependencies": {
          "System.CodeDom": "9.0.5"
        }
      },
      "System.Memory.Data": {
        "type": "Transitive",
        "resolved": "10.0.3",
        "contentHash": "MaGhRfGunmrj/nHjtsi9XkhlYJ/ERGWrbA+BiSKNtGnAjc9XlG5EhAvak6VRcX5LYzPF6pBO8nJ613dTgzabig=="
      },
      "System.Reflection.TypeExtensions": {
        "type": "Transitive",
        "resolved": "4.7.0",
        "contentHash": "VybpaOQQhqE6siHppMktjfGBw1GCwvCqiufqmP8F1nj7fTUNtW35LOEt3UZTEsECfo+ELAl/9o9nJx3U91i7vA=="
      },
      "excalibur.application": {
        "type": "Project",
        "dependencies": {
          "Excalibur.Data": "[1.0.0, )",
          "Excalibur.Dispatch": "[1.0.0, )",
          "Excalibur.Dispatch.Abstractions": "[1.0.0, )",
          "FluentValidation": "[12.1.1, )",
          "FluentValidation.DependencyInjectionExtensions": "[12.1.1, )",
          "IdentityModel": "[7.0.0, )",
          "System.IdentityModel.Tokens.Jwt": "[8.17.0, )"
        }
      },
      "excalibur.data": {
        "type": "Project",
        "dependencies": {
          "Ben.Demystifier": "[0.4.1, )",
          "Dapper": "[2.1.72, )",
          "Excalibur.Data.Abstractions": "[1.0.0, )",
          "Excalibur.Dispatch": "[1.0.0, )",
          "Excalibur.Dispatch.Abstractions": "[1.0.0, )",
          "Excalibur.Dispatch.Patterns": "[1.0.0, )",
          "Excalibur.Domain": "[1.0.0, )",
          "JsonNet.ContractResolvers": "[2.0.0, )",
          "Microsoft.ApplicationInsights": "[3.1.0, )",
          "Polly": "[8.6.6, )"
        }
      },
      "excalibur.data.abstractions": {
        "type": "Project",
        "dependencies": {
          "Dapper": "[2.1.72, )",
          "Excalibur.Dispatch.Abstractions": "[1.0.0, )",
          "Excalibur.Domain": "[1.0.0, )"
        }
      },
      "excalibur.dispatch": {
        "type": "Project",
        "dependencies": {
          "CloudNative.CloudEvents.SystemTextJson": "[2.8.0, )",
          "Cronos": "[0.12.0, )",
          "Excalibur.Dispatch.Abstractions": "[1.0.0, )",
          "Medo.Uuid7": "[3.2.0, )"
        }
      },
      "excalibur.dispatch.abstractions": {
        "type": "Project",
        "dependencies": {
          "Medo.Uuid7": "[3.2.0, )"
        }
      },
      "excalibur.dispatch.leaderelection.abstractions": {
        "type": "Project",
        "dependencies": {
          "Excalibur.Dispatch.Abstractions": "[1.0.0, )"
        }
      },
      "excalibur.dispatch.patterns": {
        "type": "Project",
        "dependencies": {
          "BenchmarkDotNet": "[0.15.8, )",
          "Excalibur.Dispatch": "[1.0.0, )",
          "Excalibur.Dispatch.Abstractions": "[1.0.0, )",
          "Excalibur.Dispatch.Transport.Abstractions": "[1.0.0, )",
          "MemoryPack": "[1.21.4, )",
          "Polly": "[8.6.6, )"
        }
      },
      "excalibur.dispatch.transport.abstractions": {
        "type": "Project",
        "dependencies": {
          "Excalibur.Dispatch": "[1.0.0, )",
          "Excalibur.Dispatch.Abstractions": "[1.0.0, )"
        }
      },
      "excalibur.domain": {
        "type": "Project",
        "dependencies": {
          "Ben.Demystifier": "[0.4.1, )",
          "Excalibur.Dispatch.Abstractions": "[1.0.0, )",
          "Medo.Uuid7": "[3.2.0, )"
        }
      },
      "excalibur.eventsourcing.abstractions": {
        "type": "Project",
        "dependencies": {
          "Excalibur.Data.Abstractions": "[1.0.0, )",
          "Excalibur.Dispatch.Abstractions": "[1.0.0, )",
          "Excalibur.Domain": "[1.0.0, )"
        }
      },
      "excalibur.hosting": {
        "type": "Project",
        "dependencies": {
          "Excalibur.Application": "[1.0.0, )",
          "Excalibur.Dispatch": "[1.0.0, )",
          "Excalibur.Dispatch.Abstractions": "[1.0.0, )"
        }
      },
      "excalibur.operations.dashboard.spa": {
        "type": "Project",
        "dependencies": {
          "Microsoft.Extensions.FileProviders.Embedded": "[10.0.10, )"
        }
      },
      "excalibur.saga": {
        "type": "Project",
        "dependencies": {
          "Excalibur.Data.Abstractions": "[1.0.0, )",
          "Excalibur.Dispatch": "[1.0.0, )",
          "Excalibur.Dispatch.Abstractions": "[1.0.0, )",
          "Excalibur.Hosting": "[1.0.0, )"
        }
      },
      "excalibur.workflows.abstractions": {
        "type": "Project",
        "dependencies": {
          "Excalibur.EventSourcing.Abstractions": "[1.0.0, )"
        }
      },
      "Ben.Demystifier": {
        "type": "CentralTransitive",
        "requested": "[0.4.1, )",
        "resolved": "0.4.1",
        "contentHash": "axFeEMfmEORy3ipAzOXG/lE+KcNptRbei3F0C4kQCdeiQtW+qJW90K5iIovITGrdLt8AjhNCwk5qLSX9/rFpoA=="
      },
      "BenchmarkDotNet": {
        "type": "CentralTransitive",
        "requested": "[0.15.8, )",
        "resolved": "0.15.8",
        "contentHash": "paCfrWxSeHqn3rUZc0spYXVFnHCF0nzRhG0nOLnyTjZYs8spsimBaaNmb3vwqvALKIplbYq/TF393vYiYSnh/Q==",
        "dependencies": {
          "BenchmarkDotNet.Annotations": "0.15.8",
          "CommandLineParser": "2.9.1",
          "Gee.External.Capstone": "2.3.0",
          "Iced": "1.21.0",
          "Microsoft.CodeAnalysis.CSharp": "4.14.0",
          "Microsoft.Diagnostics.Runtime": "3.1.512801",
          "Microsoft.Diagnostics.Tracing.TraceEvent": "3.1.21",
          "Microsoft.DotNet.PlatformAbstractions": "3.1.6",
          "Perfolizer": "[0.6.1]",
          "System.Management": "9.0.5"
        }
      },
      "CloudNative.CloudEvents": {
        "type": "CentralTransitive",
        "requested": "[2.8.0, )",
        "resolved": "2.8.0",
        "contentHash": "RvabvAQV7u3FZcZL5UlRmFz3/T5nMl86GpChpRvHKRHbO+/I4LBcZ0xRqYnNfAh30gM+h/JkSBHEnbhl0zmGtA=="
      },
      "CloudNative.CloudEvents.SystemTextJson": {
        "type": "CentralTransitive",
        "requested": "[2.8.0, )",
        "resolved": "2.8.0",
        "contentHash": "En3Bvf7tTbGyB/AWJIPGw8ksh1OgiSI3cBXmNvuH9+PMR4l0vVRlp9YsTu+gY7S/0VFyJDHP66P3uZHzgsRQ7w==",
        "dependencies": {
          "CloudNative.CloudEvents": "2.8.0"
        }
      },
      "Cronos": {
        "type": "CentralTransitive",
        "requested": "[0.12.0, )",
        "resolved": "0.12.0",
        "contentHash": "rOBW2cimLtkRoyLIZWZx1uM300cNI2wUKOUbLbGLnNQRly5R/YK3VdC1mk3Wvt24J4k9PY5j+9WL4smv0RIZvA=="
      },
      "Dapper": {
        "type": "CentralTransitive",
        "requested": "[2.1.72, )",
        "resolved": "2.1.72",
        "contentHash": "ns4mGqQd9a/MhP8m6w556vVlZIa0/MfUu03zrxjZC/jlr1uVCsUac8bkdB+Fs98Llbd56rRSo1eZH5VVmeGZyw=="
      },
      "FluentValidation": {
        "type": "CentralTransitive",
        "requested": "[12.1.1, )",
        "resolved": "12.1.1",
        "contentHash": "EPpkIe1yh1a0OXyC100oOA8WMbZvqUu5plwhvYcb7oSELfyUZzfxV48BLhvs3kKo4NwG7MGLNgy1RJiYtT8Dpw=="
      },
      "FluentValidation.DependencyInjectionExtensions": {
        "type": "CentralTransitive",
        "requested": "[12.1.1, )",
        "resolved": "12.1.1",
        "contentHash": "D0VXh4dtjjX2aQizuaa0g6R8X3U1JaVqJPfGCvLwZX9t/O2h7tkpbitbadQMfwcgSPdDbI2vDxuwRMv/Uf9dHA==",
        "dependencies": {
          "FluentValidation": "12.1.1"
        }
      },
      "IdentityModel": {
        "type": "CentralTransitive",
        "requested": "[7.0.0, )",
        "resolved": "7.0.0",
        "contentHash": "to99aLL5Gev1GOb2gUao/UZXT/uXMyjEmHPNrf/vJI2HBD1LMCTeC4SBCe/cqMIB12V9v+eSieq7ff0lju9pOQ=="
      },
      "JsonNet.ContractResolvers": {
        "type": "CentralTransitive",
        "requested": "[2.0.0, )",
        "resolved": "2.0.0",
        "contentHash": "OqBmReOlo1VEY0ssIXrKOdyz+sPDmm0cjlb8pVg7RY4Xb6soUJ/kzVmwgMCFMrYnye/omqgefz3VPUWmsI5DNA==",
        "dependencies": {
          "Newtonsoft.Json": "13.0.1",
          "System.Reflection.TypeExtensions": "4.5.1"
        }
      },
      "Medo.Uuid7": {
        "type": "CentralTransitive",
        "requested": "[3.2.0, )",
        "resolved": "3.2.0",
        "contentHash": "18Gp47N8I7Vq319f5qTEdqX1GPOworXeNIjuxLN3Szqz96aMuORklGbnSllhEUmQZf3UWmp+X9pVDCKEf5zoaA=="
      },
      "MemoryPack": {
        "type": "CentralTransitive",
        "requested": "[1.21.4, )",
        "resolved": "1.21.4",
        "contentHash": "wy3JTBNBsO8LfQcBvvYsWr3lm2Oakolrfu0UQ3oSJSEiD+7ye0GUhYTaXuYYBowqsXBXWD9gf2218ae0JRiYVQ==",
        "dependencies": {
          "MemoryPack.Core": "1.21.4",
          "MemoryPack.Generator": "1.21.4"
        }
      },
      "Microsoft.ApplicationInsights": {
        "type": "CentralTransitive",
        "requested": "[3.1.0, )",
        "resolved": "3.1.0",
        "contentHash": "X6kvmOEnWxQjZgRJ/J8fdlA9xa2sJj6hhp09fL2AsgzC8SUFK8YVpsfZvu161FfD0zXe2Exgh4BC9hNze+W9hg==",
        "dependencies": {
          "Azure.Monitor.OpenTelemetry.Exporter": "1.7.0"
        }
      },
      "Microsoft.CodeAnalysis.Analyzers": {
        "type": "CentralTransitive",
        "requested": "[5.3.0, )",
        "resolved": "5.3.0",
        "contentHash": "KuLhbZwB0L8JikL86AE5VWEp3RLNjIcp+j8yz9EJ/UBgRz4+qDEjHg/tluRFbpYpD/e37BqaaNFbQ0vqawBwWQ=="
      },
      "Microsoft.CodeAnalysis.Common": {
        "type": "CentralTransitive",
        "requested": "[5.3.0, )",
        "resolved": "5.3.0",
        "contentHash": "uC0qk3jzTQY7i90ehfnCqaOZpBUGJyPMiHJ3c0jOb8yaPBjWzIhVdNxPbeVzI74DB0C+YgBKPLqUkgFZzua5Mg==",
        "dependencies": {
          "Microsoft.CodeAnalysis.Analyzers": "5.3.0-2.25625.1"
        }
      },
      "Microsoft.CodeAnalysis.CSharp": {
        "type": "CentralTransitive",
        "requested": "[5.3.0, )",
        "resolved": "5.3.0",
        "contentHash": "SQFNGQF4f7UfDXKxMzzGNMr3fjrPDIjLfmRvvVgDCw+dyvEHDaRfHuKA5q0Pr0/JW0Gcw89TxrxrS/MjwBvluQ==",
        "dependencies": {
          "Microsoft.CodeAnalysis.Analyzers": "5.3.0-2.25625.1",
          "Microsoft.CodeAnalysis.Common": "[5.3.0]"
        }
      },
      "Microsoft.Extensions.FileProviders.Embedded": {
        "type": "CentralTransitive",
        "requested": "[10.0.10, )",
        "resolved": "10.0.10",
        "contentHash": "TZQQIZ1wFmQX7WdRAyhaDlv3splUPOYheTP3aZtoLpxMlVnLOFRjiLaDB0PZX/d27N52+FLbiNkwL02x4hZgjg=="
      },
      "Microsoft.IdentityModel.Tokens": {
        "type": "CentralTransitive",
        "requested": "[8.17.0, )",
        "resolved": "8.17.0",
        "contentHash": "teaW35URIV2x78Tzk+dVJiC4M62/9mQoSEoDjDGoEZmcQa3H2rE+XQpm9Tmdo9KK1Lcrnve4zoyLavl69kCFGg==",
        "dependencies": {
          "Microsoft.IdentityModel.Logging": "8.17.0"
        }
      },
      "OpenTelemetry": {
        "type": "CentralTransitive",
        "requested": "[1.15.3, )",
        "resolved": "1.15.3",
        "contentHash": "N0i6WjPoHPbZyms1ugbDIFAJFuGlpeExJMU/+XSL0lQRUkg/D0utFkDoLXf8Z1km5B+xVZ2GyMXXiX8qdeNmPg==",
        "dependencies": {
          "OpenTelemetry.Api.ProviderBuilderExtensions": "1.15.3"
        }
      },
      "OpenTelemetry.Api": {
        "type": "CentralTransitive",
        "requested": "[1.15.3, )",
        "resolved": "1.15.3",
        "contentHash": "fX+fkCysfPut+qCcT3bKqyX4QN9Saf4CgX8HLOHywEVD+Xr7sULtfuypITpoDysjx8R59dn/3mWhgimMH8cm/g=="
      },
      "OpenTelemetry.Extensions.Hosting": {
        "type": "CentralTransitive",
        "requested": "[1.15.3, )",
        "resolved": "1.15.3",
        "contentHash": "u8n/W8yIlqv0BXZmvId1iVaeWXG42tGKdTkuLYg5g57Y/r9CeUNzqtrSHNdG5IoO8iPX79w3v+WsbAHgUQbfeg==",
        "dependencies": {
          "OpenTelemetry": "1.15.3"
        }
      },
      "Polly": {
        "type": "CentralTransitive",
        "requested": "[8.6.6, )",
        "resolved": "8.6.6",
        "contentHash": "czKHYJ6uGowPijuZt4kgF4njfGvWxVZ8mKBcrZ9iEtwDe9HKdF0ug6p6TwUG8EHuuufgbDU//rSBFebt5/0Fyw==",
        "dependencies": {
          "Polly.Core": "8.6.6"
        }
      },
      "System.IdentityModel.Tokens.Jwt": {
        "type": "CentralTransitive",
        "requested": "[8.17.0, )",
        "resolved": "8.17.0",
        "contentHash": "nKikRYheDeSaXA3wGr2otwaiRFygBa25m+hc7MEomZVIEWZvKVqd8wgP9yn+8QpLRGgw//dUs4LErGx9gtVmAA==",
        "dependencies": {
          "Microsoft.IdentityModel.JsonWebTokens": "8.17.0",
          "Microsoft.IdentityModel.Tokens": "8.17.0"
        }
      }
    }
  }
}